// !$*UTF8*$!
{
	archiveVersion = 1;
	classes = {
	};
	objectVersion = 50;
	objects = {

/* Begin PBXBuildFile section */
		621A8F1E22BBDC68003306AA /* AppDelegate.swift in Sources */ = {isa = PBXBuildFile; fileRef = 621A8F1D22BBDC68003306AA /* AppDelegate.swift */; };
		621A8F2022BBDC68003306AA /* ViewController.swift in Sources */ = {isa = PBXBuildFile; fileRef = 621A8F1F22BBDC68003306AA /* ViewController.swift */; };
		621A8F2322BBDC68003306AA /* Main.storyboard in Resources */ = {isa = PBXBuildFile; fileRef = 621A8F2122BBDC68003306AA /* Main.storyboard */; };
		621A8F2522BBDC6B003306AA /* Assets.xcassets in Resources */ = {isa = PBXBuildFile; fileRef = 621A8F2422BBDC6B003306AA /* Assets.xcassets */; };
		621A8F2822BBDC6B003306AA /* LaunchScreen.storyboard in Resources */ = {isa = PBXBuildFile; fileRef = 621A8F2622BBDC6B003306AA /* LaunchScreen.storyboard */; };
		621A8F3322BBDC6B003306AA /* TimerAppTests.swift in Sources */ = {isa = PBXBuildFile; fileRef = 621A8F3222BBDC6B003306AA /* TimerAppTests.swift */; };
		621A8F3E22BBDC6B003306AA /* TimerAppUITests.swift in Sources */ = {isa = PBXBuildFile; fileRef = 621A8F3D22BBDC6B003306AA /* TimerAppUITests.swift */; };
/* End PBXBuildFile section */

/* Begin PBXContainerItemProxy section */
		621A8F2F22BBDC6B003306AA /* PBXContainerItemProxy */ = {
			isa = PBXContainerItemProxy;
			containerPortal = 621A8F1222BBDC68003306AA /* Project object */;
			proxyType = 1;
			remoteGlobalIDString = 621A8F1922BBDC68003306AA;
			remoteInfo = TimerApp;
		};
		621A8F3A22BBDC6B003306AA /* PBXContainerItemProxy */ = {
			isa = PBXContainerItemProxy;
			containerPortal = 621A8F1222BBDC68003306AA /* Project object */;
			proxyType = 1;
			remoteGlobalIDString = 621A8F1922BBDC68003306AA;
			remoteInfo = TimerApp;
		};
/* End PBXContainerItemProxy section */

/* Begin PBXFileReference section */
		621A8F1A22BBDC68003306AA /* TimerApp.app */ = {isa = PBXFileReference; explicitFileType = wrapper.application; includeInIndex = 0; path = TimerApp.app; sourceTree = BUILT_PRODUCTS_DIR; };
		621A8F1D22BBDC68003306AA /* AppDelegate.swift */ = {isa = PBXFileReference; lastKnownFileType = sourcecode.swift; path = AppDelegate.swift; sourceTree = "<group>"; };
		621A8F1F22BBDC68003306AA /* ViewController.swift */ = {isa = PBXFileReference; lastKnownFileType = sourcecode.swift; path = ViewController.swift; sourceTree = "<group>"; };
		621A8F2222BBDC68003306AA /* Base */ = {isa = PBXFileReference; lastKnownFileType = file.storyboard; name = Base; path = Base.lproj/Main.storyboard; sourceTree = "<group>"; };
		621A8F2422BBDC6B003306AA /* Assets.xcassets */ = {isa = PBXFileReference; lastKnownFileType = folder.assetcatalog; path = Assets.xcassets; sourceTree = "<group>"; };
		621A8F2722BBDC6B003306AA /* Base */ = {isa = PBXFileReference; lastKnownFileType = file.storyboard; name = Base; path = Base.lproj/LaunchScreen.storyboard; sourceTree = "<group>"; };
		621A8F2922BBDC6B003306AA /* Info.plist */ = {isa = PBXFileReference; lastKnownFileType = text.plist.xml; path = Info.plist; sourceTree = "<group>"; };
		621A8F2E22BBDC6B003306AA /* TimerAppTests.xctest */ = {isa = PBXFileReference; explicitFileType = wrapper.cfbundle; includeInIndex = 0; path = TimerAppTests.xctest; sourceTree = BUILT_PRODUCTS_DIR; };
		621A8F3222BBDC6B003306AA /* TimerAppTests.swift */ = {isa = PBXFileReference; lastKnownFileType = sourcecode.swift; path = TimerAppTests.swift; sourceTree = "<group>"; };
		621A8F3422BBDC6B003306AA /* Info.plist */ = {isa = PBXFileReference; lastKnownFileType = text.plist.xml; path = Info.plist; sourceTree = "<group>"; };
		621A8F3922BBDC6B003306AA /* TimerAppUITests.xctest */ = {isa = PBXFileReference; explicitFileType = wrapper.cfbundle; includeInIndex = 0; path = TimerAppUITests.xctest; sourceTree = BUILT_PRODUCTS_DIR; };
		621A8F3D22BBDC6B003306AA /* TimerAppUITests.swift */ = {isa = PBXFileReference; lastKnownFileType = sourcecode.swift; path = TimerAppUITests.swift; sourceTree = "<group>"; };
		621A8F3F22BBDC6B003306AA /* Info.plist */ = {isa = PBXFileReference; lastKnownFileType = text.plist.xml; path = Info.plist; sourceTree = "<group>"; };
/* End PBXFileReference section */

/* Begin PBXFrameworksBuildPhase section */
		621A8F1722BBDC68003306AA /* Frameworks */ = {
			isa = PBXFrameworksBuildPhase;
			buildActionMask = 2147483647;
			files = (
			);
			runOnlyForDeploymentPostprocessing = 0;
		};
		621A8F2B22BBDC6B003306AA /* Frameworks */ = {
			isa = PBXFrameworksBuildPhase;
			buildActionMask = 2147483647;
			files = (
			);
			runOnlyForDeploymentPostprocessing = 0;
		};
		621A8F3622BBDC6B003306AA /* Frameworks */ = {
			isa = PBXFrameworksBuildPhase;
			buildActionMask = 2147483647;
			files = (
			);
			runOnlyForDeploymentPostprocessing = 0;
		};
/* End PBXFrameworksBuildPhase section */

/* Begin PBXGroup section */
		621A8F1122BBDC68003306AA = {
			isa = PBXGroup;
			children = (
				621A8F1C22BBDC68003306AA /* TimerApp */,
				621A8F3122BBDC6B003306AA /* TimerAppTests */,
				621A8F3C22BBDC6B003306AA /* TimerAppUITests */,
				621A8F1B22BBDC68003306AA /* Products */,
			);
			sourceTree = "<group>";
		};
		621A8F1B22BBDC68003306AA /* Products */ = {
			isa = PBXGroup;
			children = (
				621A8F1A22BBDC68003306AA /* TimerApp.app */,
				621A8F2E22BBDC6B003306AA /* TimerAppTests.xctest */,
				621A8F3922BBDC6B003306AA /* TimerAppUITests.xctest */,
			);
			name = Products;
			sourceTree = "<group>";
		};
		621A8F1C22BBDC68003306AA /* TimerApp */ = {
			isa = PBXGroup;
			children = (
				621A8F1D22BBDC68003306AA /* AppDelegate.swift */,
				621A8F1F22BBDC68003306AA /* ViewController.swift */,
				621A8F2122BBDC68003306AA /* Main.storyboard */,
				621A8F2422BBDC6B003306AA /* Assets.xcassets */,
				621A8F2622BBDC6B003306AA /* LaunchScreen.storyboard */,
				621A8F2922BBDC6B003306AA /* Info.plist */,
			);
			path = TimerApp;
			sourceTree = "<group>";
		};
		621A8F3122BBDC6B003306AA /* TimerAppTests */ = {
			isa = PBXGroup;
			children = (
				621A8F3222BBDC6B003306AA /* TimerAppTests.swift */,
				621A8F3422BBDC6B003306AA /* Info.plist */,
			);
			path = TimerAppTests;
			sourceTree = "<group>";
		};
		621A8F3C22BBDC6B003306AA /* TimerAppUITests */ = {
			isa = PBXGroup;
			children = (
				621A8F3D22BBDC6B003306AA /* TimerAppUITests.swift */,
				621A8F3F22BBDC6B003306AA /* Info.plist */,
			);
			path = TimerAppUITests;
			sourceTree = "<group>";
		};
/* End PBXGroup section */

/* Begin PBXNativeTarget section */
		621A8F1922BBDC68003306AA /* TimerApp */ = {
			isa = PBXNativeTarget;
			buildConfigurationList = 621A8F4222BBDC6B003306AA /* Build configuration list for PBXNativeTarget "TimerApp" */;
			buildPhases = (
				621A8F1622BBDC68003306AA /* Sources */,
				621A8F1722BBDC68003306AA /* Frameworks */,
				621A8F1822BBDC68003306AA /* Resources */,
			);
			buildRules = (
			);
			dependencies = (
			);
			name = TimerApp;
			productName = TimerApp;
			productReference = 621A8F1A22BBDC68003306AA /* TimerApp.app */;
			productType = "com.apple.product-type.application";
		};
		621A8F2D22BBDC6B003306AA /* TimerAppTests */ = {
			isa = PBXNativeTarget;
			buildConfigurationList = 621A8F4522BBDC6B003306AA /* Build configuration list for PBXNativeTarget "TimerAppTests" */;
			buildPhases = (
				621A8F2A22BBDC6B003306AA /* Sources */,
				621A8F2B22BBDC6B003306AA /* Frameworks */,
				621A8F2C22BBDC6B003306AA /* Resources */,
			);
			buildRules = (
			);
			dependencies = (
				621A8F3022BBDC6B003306AA /* PBXTargetDependency */,
			);
			name = TimerAppTests;
			productName = TimerAppTests;
			productReference = 621A8F2E22BBDC6B003306AA /* TimerAppTests.xctest */;
			productType = "com.apple.product-type.bundle.unit-test";
		};
		621A8F3822BBDC6B003306AA /* TimerAppUITests */ = {
			isa = PBXNativeTarget;
			buildConfigurationList = 621A8F4822BBDC6B003306AA /* Build configuration list for PBXNativeTarget "TimerAppUITests" */;
			buildPhases = (
				621A8F3522BBDC6B003306AA /* Sources */,
				621A8F3622BBDC6B003306AA /* Frameworks */,
				621A8F3722BBDC6B003306AA /* Resources */,
			);
			buildRules = (
			);
			dependencies = (
				621A8F3B22BBDC6B003306AA /* PBXTargetDependency */,
			);
			name = TimerAppUITests;
			productName = TimerAppUITests;
			productReference = 621A8F3922BBDC6B003306AA /* TimerAppUITests.xctest */;
			productType = "com.apple.product-type.bundle.ui-testing";
		};
/* End PBXNativeTarget section */

/* Begin PBXProject section */
		621A8F1222BBDC68003306AA /* Project object */ = {
			isa = PBXProject;
			attributes = {
				LastSwiftUpdateCheck = 1010;
				LastUpgradeCheck = 1010;
				ORGANIZATIONNAME = "Aman Khoja";
				TargetAttributes = {
					621A8F1922BBDC68003306AA = {
						CreatedOnToolsVersion = 10.1;
					};
					621A8F2D22BBDC6B003306AA = {
						CreatedOnToolsVersion = 10.1;
						TestTargetID = 621A8F1922BBDC68003306AA;
					};
					621A8F3822BBDC6B003306AA = {
						CreatedOnToolsVersion = 10.1;
						TestTargetID = 621A8F1922BBDC68003306AA;
					};
				};
			};
			buildConfigurationList = 621A8F1522BBDC68003306AA /* Build configuration list for PBXProject "TimerApp" */;
			compatibilityVersion = "Xcode 9.3";
			developmentRegion = en;
			hasScannedForEncodings = 0;
			knownRegions = (
				en,
				Base,
			);
			mainGroup = 621A8F1122BBDC68003306AA;
			productRefGroup = 621A8F1B22BBDC68003306AA /* Products */;
			projectDirPath = "";
			projectRoot = "";
			targets = (
				621A8F1922BBDC68003306AA /* TimerApp */,
				621A8F2D22BBDC6B003306AA /* TimerAppTests */,
				621A8F3822BBDC6B003306AA /* TimerAppUITests */,
			);
		};
/* End PBXProject section */

/* Begin PBXResourcesBuildPhase section */
		621A8F1822BBDC68003306AA /* Resources */ = {
			isa = PBXResourcesBuildPhase;
			buildActionMask = 2147483647;
			files = (
				621A8F2822BBDC6B003306AA /* LaunchScreen.storyboard in Resources */,
				621A8F2522BBDC6B003306AA /* Assets.xcassets in Resources */,
				621A8F2322BBDC68003306AA /* Main.storyboard in Resources */,
			);
			runOnlyForDeploymentPostprocessing = 0;
		};
		621A8F2C22BBDC6B003306AA /* Resources */ = {
			isa = PBXResourcesBuildPhase;
			buildActionMask = 2147483647;
			files = (
			);
			runOnlyForDeploymentPostprocessing = 0;
		};
		621A8F3722BBDC6B003306AA /* Resources */ = {
			isa = PBXResourcesBuildPhase;
			buildActionMask = 2147483647;
			files = (
			);
			runOnlyForDeploymentPostprocessing = 0;
		};
/* End PBXResourcesBuildPhase section */

/* Begin PBXSourcesBuildPhase section */
		621A8F1622BBDC68003306AA /* Sources */ = {
			isa = PBXSourcesBuildPhase;
			buildActionMask = 2147483647;
			files = (
				621A8F2022BBDC68003306AA /* ViewController.swift in Sources */,
				621A8F1E22BBDC68003306AA /* AppDelegate.swift in Sources */,
			);
			runOnlyForDeploymentPostprocessing = 0;
		};
		621A8F2A22BBDC6B003306AA /* Sources */ = {
			isa = PBXSourcesBuildPhase;
			buildActionMask = 2147483647;
			files = (
				621A8F3322BBDC6B003306AA /* TimerAppTests.swift in Sources */,
			);
			runOnlyForDeploymentPostprocessing = 0;
		};
		621A8F3522BBDC6B003306AA /* Sources */ = {
			isa = PBXSourcesBuildPhase;
			buildActionMask = 2147483647;
			files = (
				621A8F3E22BBDC6B003306AA /* TimerAppUITests.swift in Sources */,
			);
			runOnlyForDeploymentPostprocessing = 0;
		};
/* End PBXSourcesBuildPhase section */

/* Begin PBXTargetDependency section */
		621A8F3022BBDC6B003306AA /* PBXTargetDependency */ = {
			isa = PBXTargetDependency;
			target = 621A8F1922BBDC68003306AA /* TimerApp */;
			targetProxy = 621A8F2F22BBDC6B003306AA /* PBXContainerItemProxy */;
		};
		621A8F3B22BBDC6B003306AA /* PBXTargetDependency */ = {
			isa = PBXTargetDependency;
			target = 621A8F1922BBDC68003306AA /* TimerApp */;
			targetProxy = 621A8F3A22BBDC6B003306AA /* PBXContainerItemProxy */;
		};
/* End PBXTargetDependency section */

/* Begin PBXVariantGroup section */
		621A8F2122BBDC68003306AA /* Main.storyboard */ = {
			isa = PBXVariantGroup;
			children = (
				621A8F2222BBDC68003306AA /* Base */,
			);
			name = Main.storyboard;
			sourceTree = "<group>";
		};
		621A8F2622BBDC6B003306AA /* LaunchScreen.storyboard */ = {
			isa = PBXVariantGroup;
			children = (
				621A8F2722BBDC6B003306AA /* Base */,
			);
			name = LaunchScreen.storyboard;
			sourceTree = "<group>";
		};
/* End PBXVariantGroup section */

/* Begin XCBuildConfiguration section */
		621A8F4022BBDC6B003306AA /* Debug */ = {
			isa = XCBuildConfiguration;
			buildSettings = {
				ALWAYS_SEARCH_USER_PATHS = NO;
				CLANG_ANALYZER_NONNULL = YES;
				CLANG_ANALYZER_NUMBER_OBJECT_CONVERSION = YES_AGGRESSIVE;
				CLANG_CXX_LANGUAGE_STANDARD = "gnu++14";
				CLANG_CXX_LIBRARY = "libc++";
				CLANG_ENABLE_MODULES = YES;
				CLANG_ENABLE_OBJC_ARC = YES;
				CLANG_ENABLE_OBJC_WEAK = YES;
				CLANG_WARN_BLOCK_CAPTURE_AUTORELEASING = YES;
				CLANG_WARN_BOOL_CONVERSION = YES;
				CLANG_WARN_COMMA = YES;
				CLANG_WARN_CONSTANT_CONVERSION = YES;
				CLANG_WARN_DEPRECATED_OBJC_IMPLEMENTATIONS = YES;
				CLANG_WARN_DIRECT_OBJC_ISA_USAGE = YES_ERROR;
				CLANG_WARN_DOCUMENTATION_COMMENTS = YES;
				CLANG_WARN_EMPTY_BODY = YES;
				CLANG_WARN_ENUM_CONVERSION = YES;
				CLANG_WARN_INFINITE_RECURSION = YES;
				CLANG_WARN_INT_CONVERSION = YES;
				CLANG_WARN_NON_LITERAL_NULL_CONVERSION = YES;
				CLANG_WARN_OBJC_IMPLICIT_RETAIN_SELF = YES;
				CLANG_WARN_OBJC_LITERAL_CONVERSION = YES;
				CLANG_WARN_OBJC_ROOT_CLASS = YES_ERROR;
				CLANG_WARN_RANGE_LOOP_ANALYSIS = YES;
				CLANG_WARN_STRICT_PROTOTYPES = YES;
				CLANG_WARN_SUSPICIOUS_MOVE = YES;
				CLANG_WARN_UNGUARDED_AVAILABILITY = YES_AGGRESSIVE;
				CLANG_WARN_UNREACHABLE_CODE = YES;
				CLANG_WARN__DUPLICATE_METHOD_MATCH = YES;
				CODE_SIGN_IDENTITY = "iPhone Developer";
				COPY_PHASE_STRIP = NO;
				DEBUG_INFORMATION_FORMAT = dwarf;
				ENABLE_STRICT_OBJC_MSGSEND = YES;
				ENABLE_TESTABILITY = YES;
				GCC_C_LANGUAGE_STANDARD = gnu11;
				GCC_DYNAMIC_NO_PIC = NO;
				GCC_NO_COMMON_BLOCKS = YES;
				GCC_OPTIMIZATION_LEVEL = 0;
				GCC_PREPROCESSOR_DEFINITIONS = (
					"DEBUG=1",
					"$(inherited)",
				);
				GCC_WARN_64_TO_32_BIT_CONVERSION = YES;
				GCC_WARN_ABOUT_RETURN_TYPE = YES_ERROR;
				GCC_WARN_UNDECLARED_SELECTOR = YES;
				GCC_WARN_UNINITIALIZED_AUTOS = YES_AGGRESSIVE;
				GCC_WARN_UNUSED_FUNCTION = YES;
				GCC_WARN_UNUSED_VARIABLE = YES;
				IPHONEOS_DEPLOYMENT_TARGET = 12.1;
				MTL_ENABLE_DEBUG_INFO = INCLUDE_SOURCE;
				MTL_FAST_MATH = YES;
				ONLY_ACTIVE_ARCH = YES;
				SDKROOT = iphoneos;
				SWIFT_ACTIVE_COMPILATION_CONDITIONS = DEBUG;
				SWIFT_OPTIMIZATION_LEVEL = "-Onone";
			};
			name = Debug;
		};
		621A8F4122BBDC6B003306AA /* Release */ = {
			isa = XCBuildConfiguration;
			buildSettings = {
				ALWAYS_SEARCH_USER_PATHS = NO;
				CLANG_ANALYZER_NONNULL = YES;
				CLANG_ANALYZER_NUMBER_OBJECT_CONVERSION = YES_AGGRESSIVE;
				CLANG_CXX_LANGUAGE_STANDARD = "gnu++14";
				CLANG_CXX_LIBRARY = "libc++";
				CLANG_ENABLE_MODULES = YES;
				CLANG_ENABLE_OBJC_ARC = YES;
				CLANG_ENABLE_OBJC_WEAK = YES;
				CLANG_WARN_BLOCK_CAPTURE_AUTORELEASING = YES;
				CLANG_WARN_BOOL_CONVERSION = YES;
				CLANG_WARN_COMMA = YES;
				CLANG_WARN_CONSTANT_CONVERSION = YES;
				CLANG_WARN_DEPRECATED_OBJC_IMPLEMENTATIONS = YES;
				CLANG_WARN_DIRECT_OBJC_ISA_USAGE = YES_ERROR;
				CLANG_WARN_DOCUMENTATION_COMMENTS = YES;
				CLANG_WARN_EMPTY_BODY = YES;
				CLANG_WARN_ENUM_CONVERSION = YES;
				CLANG_WARN_INFINITE_RECURSION = YES;
				CLANG_WARN_INT_CONVERSION = YES;
				CLANG_WARN_NON_LITERAL_NULL_CONVERSION = YES;
				CLANG_WARN_OBJC_IMPLICIT_RETAIN_SELF = YES;
				CLANG_WARN_OBJC_LITERAL_CONVERSION = YES;
				CLANG_WARN_OBJC_ROOT_CLASS = YES_ERROR;
				CLANG_WARN_RANGE_LOOP_ANALYSIS = YES;
				CLANG_WARN_STRICT_PROTOTYPES = YES;
				CLANG_WARN_SUSPICIOUS_MOVE = YES;
				CLANG_WARN_UNGUARDED_AVAILABILITY = YES_AGGRESSIVE;
				CLANG_WARN_UNREACHABLE_CODE = YES;
				CLANG_WARN__DUPLICATE_METHOD_MATCH = YES;
				CODE_SIGN_IDENTITY = "iPhone Developer";
				COPY_PHASE_STRIP = NO;
				DEBUG_INFORMATION_FORMAT = "dwarf-with-dsym";
				ENABLE_NS_ASSERTIONS = NO;
				ENABLE_STRICT_OBJC_MSGSEND = YES;
				GCC_C_LANGUAGE_STANDARD = gnu11;
				GCC_NO_COMMON_BLOCKS = YES;
				GCC_WARN_64_TO_32_BIT_CONVERSION = YES;
				GCC_WARN_ABOUT_RETURN_TYPE = YES_ERROR;
				GCC_WARN_UNDECLARED_SELECTOR = YES;
				GCC_WARN_UNINITIALIZED_AUTOS = YES_AGGRESSIVE;
				GCC_WARN_UNUSED_FUNCTION = YES;
				GCC_WARN_UNUSED_VARIABLE = YES;
				IPHONEOS_DEPLOYMENT_TARGET = 12.1;
				MTL_ENABLE_DEBUG_INFO = NO;
				MTL_FAST_MATH = YES;
				SDKROOT = iphoneos;
				SWIFT_COMPILATION_MODE = wholemodule;
				SWIFT_OPTIMIZATION_LEVEL = "-O";
				VALIDATE_PRODUCT = YES;
			};
			name = Release;
		};
		621A8F4322BBDC6B003306AA /* Debug */ = {
			isa = XCBuildConfiguration;
			buildSettings = {
				ASSETCATALOG_COMPILER_APPICON_NAME = AppIcon;
				CODE_SIGN_STYLE = Automatic;
				INFOPLIST_FILE = TimerApp/Info.plist;
				LD_RUNPATH_SEARCH_PATHS = (
					"$(inherited)",
					"@executable_path/Frameworks",
				);
				PRODUCT_BUNDLE_IDENTIFIER = Akhoja.TimerApp.TimerApp;
				PRODUCT_NAME = "$(TARGET_NAME)";
				SWIFT_VERSION = 4.2;
				TARGETED_DEVICE_FAMILY = "1,2";
			};
			name = Debug;
		};
		621A8F4422BBDC6B003306AA /* Release */ = {
			isa = XCBuildConfiguration;
			buildSettings = {
				ASSETCATALOG_COMPILER_APPICON_NAME = AppIcon;
				CODE_SIGN_STYLE = Automatic;
				INFOPLIST_FILE = TimerApp/Info.plist;
				LD_RUNPATH_SEARCH_PATHS = (
					"$(inherited)",
					"@executable_path/Frameworks",
				);
				PRODUCT_BUNDLE_IDENTIFIER = Akhoja.TimerApp.TimerApp;
				PRODUCT_NAME = "$(TARGET_NAME)";
				SWIFT_VERSION = 4.2;
				TARGETED_DEVICE_FAMILY = "1,2";
			};
			name = Release;
		};
		621A8F4622BBDC6B003306AA /* Debug */ = {
			isa = XCBuildConfiguration;
			buildSettings = {
				ALWAYS_EMBED_SWIFT_STANDARD_LIBRARIES = YES;
				BUNDLE_LOADER = "$(TEST_HOST)";
				CODE_SIGN_STYLE = Automatic;
				INFOPLIST_FILE = TimerAppTests/Info.plist;
				LD_RUNPATH_SEARCH_PATHS = (
					"$(inherited)",
					"@executable_path/Frameworks",
					"@loader_path/Frameworks",
				);
				PRODUCT_BUNDLE_IDENTIFIER = Akhoja.TimerApp.TimerAppTests;
				PRODUCT_NAME = "$(TARGET_NAME)";
				SWIFT_VERSION = 4.2;
				TARGETED_DEVICE_FAMILY = "1,2";
				TEST_HOST = "$(BUILT_PRODUCTS_DIR)/TimerApp.app/TimerApp";
			};
			name = Debug;
		};
		621A8F4722BBDC6B003306AA /* Release */ = {
			isa = XCBuildConfiguration;
			buildSettings = {
				ALWAYS_EMBED_SWIFT_STANDARD_LIBRARIES = YES;
				BUNDLE_LOADER = "$(TEST_HOST)";
				CODE_SIGN_STYLE = Automatic;
				INFOPLIST_FILE = TimerAppTests/Info.plist;
				LD_RUNPATH_SEARCH_PATHS = (
					"$(inherited)",
					"@executable_path/Frameworks",
					"@loader_path/Frameworks",
				);
				PRODUCT_BUNDLE_IDENTIFIER = Akhoja.TimerApp.TimerAppTests;
				PRODUCT_NAME = "$(TARGET_NAME)";
				SWIFT_VERSION = 4.2;
				TARGETED_DEVICE_FAMILY = "1,2";
				TEST_HOST = "$(BUILT_PRODUCTS_DIR)/TimerApp.app/TimerApp";
			};
			name = Release;
		};
		621A8F4922BBDC6B003306AA /* Debug */ = {
			isa = XCBuildConfiguration;
			buildSettings = {
				ALWAYS_EMBED_SWIFT_STANDARD_LIBRARIES = YES;
				CODE_SIGN_STYLE = Automatic;
				INFOPLIST_FILE = TimerAppUITests/Info.plist;
				LD_RUNPATH_SEARCH_PATHS = (
					"$(inherited)",
					"@executable_path/Frameworks",
					"@loader_path/Frameworks",
				);
				PRODUCT_BUNDLE_IDENTIFIER = Akhoja.TimerApp.TimerAppUITests;
				PRODUCT_NAME = "$(TARGET_NAME)";
				SWIFT_VERSION = 4.2;
				TARGETED_DEVICE_FAMILY = "1,2";
				TEST_TARGET_NAME = TimerApp;
			};
			name = Debug;
		};
		621A8F4A22BBDC6B003306AA /* Release */ = {
			isa = XCBuildConfiguration;
			buildSettings = {
				ALWAYS_EMBED_SWIFT_STANDARD_LIBRARIES = YES;
				CODE_SIGN_STYLE = Automatic;
				INFOPLIST_FILE = TimerAppUITests/Info.plist;
				LD_RUNPATH_SEARCH_PATHS = (
					"$(inherited)",
					"@executable_path/Frameworks",
					"@loader_path/Frameworks",
				);
				PRODUCT_BUNDLE_IDENTIFIER = Akhoja.TimerApp.TimerAppUITests;
				PRODUCT_NAME = "$(TARGET_NAME)";
				SWIFT_VERSION = 4.2;
				TARGETED_DEVICE_FAMILY = "1,2";
				TEST_TARGET_NAME = TimerApp;
			};
			name = Release;
		};
/* End XCBuildConfiguration section */

/* Begin XCConfigurationList section */
		621A8F1522BBDC68003306AA /* Build configuration list for PBXProject "TimerApp" */ = {
			isa = XCConfigurationList;
			buildConfigurations = (
				621A8F4022BBDC6B003306AA /* Debug */,
				621A8F4122BBDC6B003306AA /* Release */,
			);
			defaultConfigurationIsVisible = 0;
			defaultConfigurationName = Release;
		};
		621A8F4222BBDC6B003306AA /* Build configuration list for PBXNativeTarget "TimerApp" */ = {
			isa = XCConfigurationList;
			buildConfigurations = (
				621A8F4322BBDC6B003306AA /* Debug */,
				621A8F4422BBDC6B003306AA /* Release */,
			);
			defaultConfigurationIsVisible = 0;
			defaultConfigurationName = Release;
		};
		621A8F4522BBDC6B003306AA /* Build configuration list for PBXNativeTarget "TimerAppTests" */ = {
			isa = XCConfigurationList;
			buildConfigurations = (
				621A8F4622BBDC6B003306AA /* Debug */,
				621A8F4722BBDC6B003306AA /* Release */,
			);
			defaultConfigurationIsVisible = 0;
			defaultConfigurationName = Release;
		};
		621A8F4822BBDC6B003306AA /* Build configuration list for PBXNativeTarget "TimerAppUITests" */ = {
			isa = XCConfigurationList;
			buildConfigurations = (
				621A8F4922BBDC6B003306AA /* Debug */,
				621A8F4A22BBDC6B003306AA /* Release */,
			);
			defaultConfigurationIsVisible = 0;
			defaultConfigurationName = Release;
		};
/* End XCConfigurationList section */
	};
	rootObject = 621A8F1222BBDC68003306AA /* Project object */;
}
